
Microsoft Visual Studio Solution File, Format Version 12.00
# Visual Studio 15
VisualStudioVersion = 15.0.27130.2036
MinimumVisualStudioVersion = 10.0.40219.1
Project("{9A19103F-16F7-4668-BE54-9A1E7A4F7556}") = "Events", "Events\Events.csproj", "{670662C3-1981-4EAD-BB93-50F1C4E8FF31}"
EndProject
Project("{9A19103F-16F7-4668-BE54-9A1E7A4F7556}") = "Events.Data", "Events.Data\Events.Data.csproj", "{1639AE2E-D498-4F58-80D7-881ABCBD8717}"
EndProject
Project("{9A19103F-16F7-4668-BE54-9A1E7A4F7556}") = "Events.Test", "Events.Test\Events.Test.csproj", "{A69F8191-3272-4FF6-93F9-6B32DBE8801B}"
EndProject
Global
	GlobalSection(SolutionConfigurationPlatforms) = preSolution
		Debug|Any CPU = Debug|Any CPU
		Release|Any CPU = Release|Any CPU
	EndGlobalSection
	GlobalSection(ProjectConfigurationPlatforms) = postSolution
		{670662C3-1981-4EAD-BB93-50F1C4E8FF31}.Debug|Any CPU.ActiveCfg = Debug|Any CPU
		{670662C3-1981-4EAD-BB93-50F1C4E8FF31}.Debug|Any CPU.Build.0 = Debug|Any CPU
		{670662C3-1981-4EAD-BB93-50F1C4E8FF31}.Release|Any CPU.ActiveCfg = Release|Any CPU
		{670662C3-1981-4EAD-BB93-50F1C4E8FF31}.Release|Any CPU.Build.0 = Release|Any CPU
		{1639AE2E-D498-4F58-80D7-881ABCBD8717}.Debug|Any CPU.ActiveCfg = Debug|Any CPU
		{1639AE2E-D498-4F58-80D7-881ABCBD8717}.Debug|Any CPU.Build.0 = Debug|Any CPU
		{1639AE2E-D498-4F58-80D7-881ABCBD8717}.Release|Any CPU.ActiveCfg = Release|Any CPU
		{1639AE2E-D498-4F58-80D7-881ABCBD8717}.Release|Any CPU.Build.0 = Release|Any CPU
		{A69F8191-3272-4FF6-93F9-6B32DBE8801B}.Debug|Any CPU.ActiveCfg = Debug|Any CPU
		{A69F8191-3272-4FF6-93F9-6B32DBE8801B}.Debug|Any CPU.Build.0 = Debug|Any CPU
		{A69F8191-3272-4FF6-93F9-6B32DBE8801B}.Release|Any CPU.ActiveCfg = Release|Any CPU
		{A69F8191-3272-4FF6-93F9-6B32DBE8801B}.Release|Any CPU.Build.0 = Release|Any CPU
	EndGlobalSection
	GlobalSection(SolutionProperties) = preSolution
		HideSolutionNode = FALSE
	EndGlobalSection
	GlobalSection(ExtensibilityGlobals) = postSolution
		SolutionGuid = {E2F5C991-7E7E-4954-89CC-036F6BDFA9DA}
	EndGlobalSection
EndGlobal
