
Microsoft Visual Studio Solution File, Format Version 12.00
# Visual Studio 15
VisualStudioVersion = 15.0.27130.2036
MinimumVisualStudioVersion = 10.0.40219.1
Project("{9A19103F-16F7-4668-BE54-9A1E7A4F7556}") = "Movies", "Movies\Movies.csproj", "{0926277E-54E0-40CF-86E7-851189CF3D99}"
EndProject
Project("{9A19103F-16F7-4668-BE54-9A1E7A4F7556}") = "Movies.Data", "Movies.Data\Movies.Data.csproj", "{5F7CA664-7307-4617-9EA3-14EBB02E4B86}"
EndProject
Global
	GlobalSection(SolutionConfigurationPlatforms) = preSolution
		Debug|Any CPU = Debug|Any CPU
		Release|Any CPU = Release|Any CPU
	EndGlobalSection
	GlobalSection(ProjectConfigurationPlatforms) = postSolution
		{0926277E-54E0-40CF-86E7-851189CF3D99}.Debug|Any CPU.ActiveCfg = Debug|Any CPU
		{0926277E-54E0-40CF-86E7-851189CF3D99}.Debug|Any CPU.Build.0 = Debug|Any CPU
		{0926277E-54E0-40CF-86E7-851189CF3D99}.Release|Any CPU.ActiveCfg = Release|Any CPU
		{0926277E-54E0-40CF-86E7-851189CF3D99}.Release|Any CPU.Build.0 = Release|Any CPU
		{5F7CA664-7307-4617-9EA3-14EBB02E4B86}.Debug|Any CPU.ActiveCfg = Debug|Any CPU
		{5F7CA664-7307-4617-9EA3-14EBB02E4B86}.Debug|Any CPU.Build.0 = Debug|Any CPU
		{5F7CA664-7307-4617-9EA3-14EBB02E4B86}.Release|Any CPU.ActiveCfg = Release|Any CPU
		{5F7CA664-7307-4617-9EA3-14EBB02E4B86}.Release|Any CPU.Build.0 = Release|Any CPU
	EndGlobalSection
	GlobalSection(SolutionProperties) = preSolution
		HideSolutionNode = FALSE
	EndGlobalSection
	GlobalSection(ExtensibilityGlobals) = postSolution
		SolutionGuid = {E2F5C991-7E7E-4954-89CC-036F6BDFA9DA}
	EndGlobalSection
EndGlobal
