
Microsoft Visual Studio Solution File, Format Version 12.00
# Visual Studio 15
VisualStudioVersion = 15.0.27130.2036
MinimumVisualStudioVersion = 10.0.40219.1
Project("{9A19103F-16F7-4668-BE54-9A1E7A4F7556}") = "Eventum", "Eventum\Eventum.csproj", "{BAD97261-EC0D-449C-A1A1-87057151F008}"
EndProject
Project("{9A19103F-16F7-4668-BE54-9A1E7A4F7556}") = "Eventum.Data", "Eventum.Data\Eventum.Data.csproj", "{082DEE12-56DF-413C-8FBE-EEFFCF0CDC6C}"
EndProject
Project("{9A19103F-16F7-4668-BE54-9A1E7A4F7556}") = "Eventum.Test", "Eventum.Test\Eventum.Test.csproj", "{11DD6AD6-D3FE-4F67-B279-08029DA4DE53}"
EndProject
Global
	GlobalSection(SolutionConfigurationPlatforms) = preSolution
		Debug|Any CPU = Debug|Any CPU
		Release|Any CPU = Release|Any CPU
	EndGlobalSection
	GlobalSection(ProjectConfigurationPlatforms) = postSolution
		{BAD97261-EC0D-449C-A1A1-87057151F008}.Debug|Any CPU.ActiveCfg = Debug|Any CPU
		{BAD97261-EC0D-449C-A1A1-87057151F008}.Debug|Any CPU.Build.0 = Debug|Any CPU
		{BAD97261-EC0D-449C-A1A1-87057151F008}.Release|Any CPU.ActiveCfg = Release|Any CPU
		{BAD97261-EC0D-449C-A1A1-87057151F008}.Release|Any CPU.Build.0 = Release|Any CPU
		{082DEE12-56DF-413C-8FBE-EEFFCF0CDC6C}.Debug|Any CPU.ActiveCfg = Debug|Any CPU
		{082DEE12-56DF-413C-8FBE-EEFFCF0CDC6C}.Debug|Any CPU.Build.0 = Debug|Any CPU
		{082DEE12-56DF-413C-8FBE-EEFFCF0CDC6C}.Release|Any CPU.ActiveCfg = Release|Any CPU
		{082DEE12-56DF-413C-8FBE-EEFFCF0CDC6C}.Release|Any CPU.Build.0 = Release|Any CPU
		{11DD6AD6-D3FE-4F67-B279-08029DA4DE53}.Debug|Any CPU.ActiveCfg = Debug|Any CPU
		{11DD6AD6-D3FE-4F67-B279-08029DA4DE53}.Debug|Any CPU.Build.0 = Debug|Any CPU
		{11DD6AD6-D3FE-4F67-B279-08029DA4DE53}.Release|Any CPU.ActiveCfg = Release|Any CPU
		{11DD6AD6-D3FE-4F67-B279-08029DA4DE53}.Release|Any CPU.Build.0 = Release|Any CPU
	EndGlobalSection
	GlobalSection(SolutionProperties) = preSolution
		HideSolutionNode = FALSE
	EndGlobalSection
	GlobalSection(ExtensibilityGlobals) = postSolution
		SolutionGuid = {E2F5C991-7E7E-4954-89CC-036F6BDFA9DA}
	EndGlobalSection
EndGlobal
